// !$*UTF8*$!
{
	archiveVersion = 1;
	classes = {
	};
	objectVersion = 46;
	objects = {

/* Begin PBXBuildFile section */
		1B3D1F501E4D9AF200D8F9A7 /* AppDelegate.swift in Sources */ = {isa = PBXBuildFile; fileRef = 1B3D1F4F1E4D9AF200D8F9A7 /* AppDelegate.swift */; };
		1B3D1F551E4D9AF200D8F9A7 /* Main.storyboard in Resources */ = {isa = PBXBuildFile; fileRef = 1B3D1F531E4D9AF200D8F9A7 /* Main.storyboard */; };
		1B3D1F571E4D9AF200D8F9A7 /* Assets.xcassets in Resources */ = {isa = PBXBuildFile; fileRef = 1B3D1F561E4D9AF200D8F9A7 /* Assets.xcassets */; };
		1B3D1F5A1E4D9AF200D8F9A7 /* LaunchScreen.storyboard in Resources */ = {isa = PBXBuildFile; fileRef = 1B3D1F581E4D9AF200D8F9A7 /* LaunchScreen.storyboard */; };
		1B3D1F621E4D9BA800D8F9A7 /* MoviesViewController.swift in Sources */ = {isa = PBXBuildFile; fileRef = 1B3D1F611E4D9BA800D8F9A7 /* MoviesViewController.swift */; };
		1B8DCB0B1E4DA9BE00B2F1BE /* MovieCell.swift in Sources */ = {isa = PBXBuildFile; fileRef = 1B8DCB0A1E4DA9BE00B2F1BE /* MovieCell.swift */; };
		1B8DCB0E1E4DB98F00B2F1BE /* DetailViewController.swift in Sources */ = {isa = PBXBuildFile; fileRef = 1B8DCB0D1E4DB98F00B2F1BE /* DetailViewController.swift */; };
		A846922D5FE41AE1293FB4FE /* Pods_MovieViewer3.framework in Frameworks */ = {isa = PBXBuildFile; fileRef = 67541162CEF1E5D9633EA6DF /* Pods_MovieViewer3.framework */; };
/* End PBXBuildFile section */

/* Begin PBXFileReference section */
		0B6FDFF3FDDBCE0F3F7807DA /* Pods-MovieViewer3.debug.xcconfig */ = {isa = PBXFileReference; includeInIndex = 1; lastKnownFileType = text.xcconfig; name = "Pods-MovieViewer3.debug.xcconfig"; path = "Pods/Target Support Files/Pods-MovieViewer3/Pods-MovieViewer3.debug.xcconfig"; sourceTree = "<group>"; };
		1B3D1F4C1E4D9AF200D8F9A7 /* MovieViewer3.app */ = {isa = PBXFileReference; explicitFileType = wrapper.application; includeInIndex = 0; path = MovieViewer3.app; sourceTree = BUILT_PRODUCTS_DIR; };
		1B3D1F4F1E4D9AF200D8F9A7 /* AppDelegate.swift */ = {isa = PBXFileReference; lastKnownFileType = sourcecode.swift; path = AppDelegate.swift; sourceTree = "<group>"; };
		1B3D1F541E4D9AF200D8F9A7 /* Base */ = {isa = PBXFileReference; lastKnownFileType = file.storyboard; name = Base; path = Base.lproj/Main.storyboard; sourceTree = "<group>"; };
		1B3D1F561E4D9AF200D8F9A7 /* Assets.xcassets */ = {isa = PBXFileReference; lastKnownFileType = folder.assetcatalog; path = Assets.xcassets; sourceTree = "<group>"; };
		1B3D1F591E4D9AF200D8F9A7 /* Base */ = {isa = PBXFileReference; lastKnownFileType = file.storyboard; name = Base; path = Base.lproj/LaunchScreen.storyboard; sourceTree = "<group>"; };
		1B3D1F5B1E4D9AF200D8F9A7 /* Info.plist */ = {isa = PBXFileReference; lastKnownFileType = text.plist.xml; path = Info.plist; sourceTree = "<group>"; };
		1B3D1F611E4D9BA800D8F9A7 /* MoviesViewController.swift */ = {isa = PBXFileReference; fileEncoding = 4; lastKnownFileType = sourcecode.swift; path = MoviesViewController.swift; sourceTree = "<group>"; };
		1B8DCB0A1E4DA9BE00B2F1BE /* MovieCell.swift */ = {isa = PBXFileReference; fileEncoding = 4; lastKnownFileType = sourcecode.swift; path = MovieCell.swift; sourceTree = "<group>"; };
		1B8DCB0D1E4DB98F00B2F1BE /* DetailViewController.swift */ = {isa = PBXFileReference; fileEncoding = 4; lastKnownFileType = sourcecode.swift; path = DetailViewController.swift; sourceTree = "<group>"; };
		2F3FA0F78A007CC31BC32989 /* Pods-MovieViewer3.release.xcconfig */ = {isa = PBXFileReference; includeInIndex = 1; lastKnownFileType = text.xcconfig; name = "Pods-MovieViewer3.release.xcconfig"; path = "Pods/Target Support Files/Pods-MovieViewer3/Pods-MovieViewer3.release.xcconfig"; sourceTree = "<group>"; };
		67541162CEF1E5D9633EA6DF /* Pods_MovieViewer3.framework */ = {isa = PBXFileReference; explicitFileType = wrapper.framework; includeInIndex = 0; path = Pods_MovieViewer3.framework; sourceTree = BUILT_PRODUCTS_DIR; };
/* End PBXFileReference section */

/* Begin PBXFrameworksBuildPhase section */
		1B3D1F491E4D9AF200D8F9A7 /* Frameworks */ = {
			isa = PBXFrameworksBuildPhase;
			buildActionMask = 2147483647;
			files = (
				A846922D5FE41AE1293FB4FE /* Pods_MovieViewer3.framework in Frameworks */,
			);
			runOnlyForDeploymentPostprocessing = 0;
		};
/* End PBXFrameworksBuildPhase section */

/* Begin PBXGroup section */
		0755A0332847F3A77B8BF4EE /* Pods */ = {
			isa = PBXGroup;
			children = (
				0B6FDFF3FDDBCE0F3F7807DA /* Pods-MovieViewer3.debug.xcconfig */,
				2F3FA0F78A007CC31BC32989 /* Pods-MovieViewer3.release.xcconfig */,
			);
			name = Pods;
			sourceTree = "<group>";
		};
		1B3D1F431E4D9AF200D8F9A7 = {
			isa = PBXGroup;
			children = (
				1B3D1F4E1E4D9AF200D8F9A7 /* MovieViewer3 */,
				1B3D1F4D1E4D9AF200D8F9A7 /* Products */,
				0755A0332847F3A77B8BF4EE /* Pods */,
				4150371451EE109BA009666D /* Frameworks */,
			);
			sourceTree = "<group>";
		};
		1B3D1F4D1E4D9AF200D8F9A7 /* Products */ = {
			isa = PBXGroup;
			children = (
				1B3D1F4C1E4D9AF200D8F9A7 /* MovieViewer3.app */,
			);
			name = Products;
			sourceTree = "<group>";
		};
		1B3D1F4E1E4D9AF200D8F9A7 /* MovieViewer3 */ = {
			isa = PBXGroup;
			children = (
				1B8DCB0C1E4DA9C700B2F1BE /* View Controller */,
				1B8DCB071E4DA94A00B2F1BE /* Views */,
				1B3D1F4F1E4D9AF200D8F9A7 /* AppDelegate.swift */,
				1B3D1F531E4D9AF200D8F9A7 /* Main.storyboard */,
				1B3D1F561E4D9AF200D8F9A7 /* Assets.xcassets */,
				1B3D1F581E4D9AF200D8F9A7 /* LaunchScreen.storyboard */,
				1B3D1F5B1E4D9AF200D8F9A7 /* Info.plist */,
			);
			path = MovieViewer3;
			sourceTree = "<group>";
		};
		1B8DCB071E4DA94A00B2F1BE /* Views */ = {
			isa = PBXGroup;
			children = (
				1B8DCB0A1E4DA9BE00B2F1BE /* MovieCell.swift */,
			);
			name = Views;
			sourceTree = "<group>";
		};
		1B8DCB0C1E4DA9C700B2F1BE /* View Controller */ = {
			isa = PBXGroup;
			children = (
				1B3D1F611E4D9BA800D8F9A7 /* MoviesViewController.swift */,
				1B8DCB0D1E4DB98F00B2F1BE /* DetailViewController.swift */,
			);
			name = "View Controller";
			sourceTree = "<group>";
		};
		4150371451EE109BA009666D /* Frameworks */ = {
			isa = PBXGroup;
			children = (
				67541162CEF1E5D9633EA6DF /* Pods_MovieViewer3.framework */,
			);
			name = Frameworks;
			sourceTree = "<group>";
		};
/* End PBXGroup section */

/* Begin PBXNativeTarget section */
		1B3D1F4B1E4D9AF200D8F9A7 /* MovieViewer3 */ = {
			isa = PBXNativeTarget;
			buildConfigurationList = 1B3D1F5E1E4D9AF200D8F9A7 /* Build configuration list for PBXNativeTarget "MovieViewer3" */;
			buildPhases = (
				0B3C64FA790A8048BC009A9B /* [CP] Check Pods Manifest.lock */,
				1B3D1F481E4D9AF200D8F9A7 /* Sources */,
				1B3D1F491E4D9AF200D8F9A7 /* Frameworks */,
				1B3D1F4A1E4D9AF200D8F9A7 /* Resources */,
				28DF53F015E7D5E4C3E22B67 /* [CP] Embed Pods Frameworks */,
				8C0B050897954E9168F3EAA8 /* [CP] Copy Pods Resources */,
			);
			buildRules = (
			);
			dependencies = (
			);
			name = MovieViewer3;
			productName = MovieViewer3;
			productReference = 1B3D1F4C1E4D9AF200D8F9A7 /* MovieViewer3.app */;
			productType = "com.apple.product-type.application";
		};
/* End PBXNativeTarget section */

/* Begin PBXProject section */
		1B3D1F441E4D9AF200D8F9A7 /* Project object */ = {
			isa = PBXProject;
			attributes = {
				LastSwiftUpdateCheck = 0820;
				LastUpgradeCheck = 0820;
				ORGANIZATIONNAME = "Vince Mercado";
				TargetAttributes = {
					1B3D1F4B1E4D9AF200D8F9A7 = {
						CreatedOnToolsVersion = 8.2.1;
						ProvisioningStyle = Automatic;
					};
				};
			};
			buildConfigurationList = 1B3D1F471E4D9AF200D8F9A7 /* Build configuration list for PBXProject "MovieViewer3" */;
			compatibilityVersion = "Xcode 3.2";
			developmentRegion = English;
			hasScannedForEncodings = 0;
			knownRegions = (
				en,
				Base,
			);
			mainGroup = 1B3D1F431E4D9AF200D8F9A7;
			productRefGroup = 1B3D1F4D1E4D9AF200D8F9A7 /* Products */;
			projectDirPath = "";
			projectRoot = "";
			targets = (
				1B3D1F4B1E4D9AF200D8F9A7 /* MovieViewer3 */,
			);
		};
/* End PBXProject section */

/* Begin PBXResourcesBuildPhase section */
		1B3D1F4A1E4D9AF200D8F9A7 /* Resources */ = {
			isa = PBXResourcesBuildPhase;
			buildActionMask = 2147483647;
			files = (
				1B3D1F5A1E4D9AF200D8F9A7 /* LaunchScreen.storyboard in Resources */,
				1B3D1F571E4D9AF200D8F9A7 /* Assets.xcassets in Resources */,
				1B3D1F551E4D9AF200D8F9A7 /* Main.storyboard in Resources */,
			);
			runOnlyForDeploymentPostprocessing = 0;
		};
/* End PBXResourcesBuildPhase section */

/* Begin PBXShellScriptBuildPhase section */
		0B3C64FA790A8048BC009A9B /* [CP] Check Pods Manifest.lock */ = {
			isa = PBXShellScriptBuildPhase;
			buildActionMask = 2147483647;
			files = (
			);
			inputPaths = (
			);
			name = "[CP] Check Pods Manifest.lock";
			outputPaths = (
			);
			runOnlyForDeploymentPostprocessing = 0;
			shellPath = /bin/sh;
			shellScript = "diff \"${PODS_ROOT}/../Podfile.lock\" \"${PODS_ROOT}/Manifest.lock\" > /dev/null\nif [ $? != 0 ] ; then\n    # print error to STDERR\n    echo \"error: The sandbox is not in sync with the Podfile.lock. Run 'pod install' or update your CocoaPods installation.\" >&2\n    exit 1\nfi\n";
			showEnvVarsInLog = 0;
		};
		28DF53F015E7D5E4C3E22B67 /* [CP] Embed Pods Frameworks */ = {
			isa = PBXShellScriptBuildPhase;
			buildActionMask = 2147483647;
			files = (
			);
			inputPaths = (
			);
			name = "[CP] Embed Pods Frameworks";
			outputPaths = (
			);
			runOnlyForDeploymentPostprocessing = 0;
			shellPath = /bin/sh;
			shellScript = "\"${SRCROOT}/Pods/Target Support Files/Pods-MovieViewer3/Pods-MovieViewer3-frameworks.sh\"\n";
			showEnvVarsInLog = 0;
		};
		8C0B050897954E9168F3EAA8 /* [CP] Copy Pods Resources */ = {
			isa = PBXShellScriptBuildPhase;
			buildActionMask = 2147483647;
			files = (
			);
			inputPaths = (
			);
			name = "[CP] Copy Pods Resources";
			outputPaths = (
			);
			runOnlyForDeploymentPostprocessing = 0;
			shellPath = /bin/sh;
			shellScript = "\"${SRCROOT}/Pods/Target Support Files/Pods-MovieViewer3/Pods-MovieViewer3-resources.sh\"\n";
			showEnvVarsInLog = 0;
		};
/* End PBXShellScriptBuildPhase section */

/* Begin PBXSourcesBuildPhase section */
		1B3D1F481E4D9AF200D8F9A7 /* Sources */ = {
			isa = PBXSourcesBuildPhase;
			buildActionMask = 2147483647;
			files = (
				1B3D1F501E4D9AF200D8F9A7 /* AppDelegate.swift in Sources */,
				1B3D1F621E4D9BA800D8F9A7 /* MoviesViewController.swift in Sources */,
				1B8DCB0B1E4DA9BE00B2F1BE /* MovieCell.swift in Sources */,
				1B8DCB0E1E4DB98F00B2F1BE /* DetailViewController.swift in Sources */,
			);
			runOnlyForDeploymentPostprocessing = 0;
		};
/* End PBXSourcesBuildPhase section */

/* Begin PBXVariantGroup section */
		1B3D1F531E4D9AF200D8F9A7 /* Main.storyboard */ = {
			isa = PBXVariantGroup;
			children = (
				1B3D1F541E4D9AF200D8F9A7 /* Base */,
			);
			name = Main.storyboard;
			sourceTree = "<group>";
		};
		1B3D1F581E4D9AF200D8F9A7 /* LaunchScreen.storyboard */ = {
			isa = PBXVariantGroup;
			children = (
				1B3D1F591E4D9AF200D8F9A7 /* Base */,
			);
			name = LaunchScreen.storyboard;
			sourceTree = "<group>";
		};
/* End PBXVariantGroup section */

/* Begin XCBuildConfiguration section */
		1B3D1F5C1E4D9AF200D8F9A7 /* Debug */ = {
			isa = XCBuildConfiguration;
			buildSettings = {
				ALWAYS_SEARCH_USER_PATHS = NO;
				CLANG_ANALYZER_NONNULL = YES;
				CLANG_CXX_LANGUAGE_STANDARD = "gnu++0x";
				CLANG_CXX_LIBRARY = "libc++";
				CLANG_ENABLE_MODULES = YES;
				CLANG_ENABLE_OBJC_ARC = YES;
				CLANG_WARN_BOOL_CONVERSION = YES;
				CLANG_WARN_CONSTANT_CONVERSION = YES;
				CLANG_WARN_DIRECT_OBJC_ISA_USAGE = YES_ERROR;
				CLANG_WARN_DOCUMENTATION_COMMENTS = YES;
				CLANG_WARN_EMPTY_BODY = YES;
				CLANG_WARN_ENUM_CONVERSION = YES;
				CLANG_WARN_INFINITE_RECURSION = YES;
				CLANG_WARN_INT_CONVERSION = YES;
				CLANG_WARN_OBJC_ROOT_CLASS = YES_ERROR;
				CLANG_WARN_SUSPICIOUS_MOVE = YES;
				CLANG_WARN_UNREACHABLE_CODE = YES;
				CLANG_WARN__DUPLICATE_METHOD_MATCH = YES;
				"CODE_SIGN_IDENTITY[sdk=iphoneos*]" = "iPhone Developer";
				COPY_PHASE_STRIP = NO;
				DEBUG_INFORMATION_FORMAT = dwarf;
				ENABLE_STRICT_OBJC_MSGSEND = YES;
				ENABLE_TESTABILITY = YES;
				GCC_C_LANGUAGE_STANDARD = gnu99;
				GCC_DYNAMIC_NO_PIC = NO;
				GCC_NO_COMMON_BLOCKS = YES;
				GCC_OPTIMIZATION_LEVEL = 0;
				GCC_PREPROCESSOR_DEFINITIONS = (
					"DEBUG=1",
					"$(inherited)",
				);
				GCC_WARN_64_TO_32_BIT_CONVERSION = YES;
				GCC_WARN_ABOUT_RETURN_TYPE = YES_ERROR;
				GCC_WARN_UNDECLARED_SELECTOR = YES;
				GCC_WARN_UNINITIALIZED_AUTOS = YES_AGGRESSIVE;
				GCC_WARN_UNUSED_FUNCTION = YES;
				GCC_WARN_UNUSED_VARIABLE = YES;
				IPHONEOS_DEPLOYMENT_TARGET = 10.2;
				MTL_ENABLE_DEBUG_INFO = YES;
				ONLY_ACTIVE_ARCH = YES;
				SDKROOT = iphoneos;
				SWIFT_ACTIVE_COMPILATION_CONDITIONS = DEBUG;
				SWIFT_OPTIMIZATION_LEVEL = "-Onone";
			};
			name = Debug;
		};
		1B3D1F5D1E4D9AF200D8F9A7 /* Release */ = {
			isa = XCBuildConfiguration;
			buildSettings = {
				ALWAYS_SEARCH_USER_PATHS = NO;
				CLANG_ANALYZER_NONNULL = YES;
				CLANG_CXX_LANGUAGE_STANDARD = "gnu++0x";
				CLANG_CXX_LIBRARY = "libc++";
				CLANG_ENABLE_MODULES = YES;
				CLANG_ENABLE_OBJC_ARC = YES;
				CLANG_WARN_BOOL_CONVERSION = YES;
				CLANG_WARN_CONSTANT_CONVERSION = YES;
				CLANG_WARN_DIRECT_OBJC_ISA_USAGE = YES_ERROR;
				CLANG_WARN_DOCUMENTATION_COMMENTS = YES;
				CLANG_WARN_EMPTY_BODY = YES;
				CLANG_WARN_ENUM_CONVERSION = YES;
				CLANG_WARN_INFINITE_RECURSION = YES;
				CLANG_WARN_INT_CONVERSION = YES;
				CLANG_WARN_OBJC_ROOT_CLASS = YES_ERROR;
				CLANG_WARN_SUSPICIOUS_MOVE = YES;
				CLANG_WARN_UNREACHABLE_CODE = YES;
				CLANG_WARN__DUPLICATE_METHOD_MATCH = YES;
				"CODE_SIGN_IDENTITY[sdk=iphoneos*]" = "iPhone Developer";
				COPY_PHASE_STRIP = NO;
				DEBUG_INFORMATION_FORMAT = "dwarf-with-dsym";
				ENABLE_NS_ASSERTIONS = NO;
				ENABLE_STRICT_OBJC_MSGSEND = YES;
				GCC_C_LANGUAGE_STANDARD = gnu99;
				GCC_NO_COMMON_BLOCKS = YES;
				GCC_WARN_64_TO_32_BIT_CONVERSION = YES;
				GCC_WARN_ABOUT_RETURN_TYPE = YES_ERROR;
				GCC_WARN_UNDECLARED_SELECTOR = YES;
				GCC_WARN_UNINITIALIZED_AUTOS = YES_AGGRESSIVE;
				GCC_WARN_UNUSED_FUNCTION = YES;
				GCC_WARN_UNUSED_VARIABLE = YES;
				IPHONEOS_DEPLOYMENT_TARGET = 10.2;
				MTL_ENABLE_DEBUG_INFO = NO;
				SDKROOT = iphoneos;
				SWIFT_OPTIMIZATION_LEVEL = "-Owholemodule";
				VALIDATE_PRODUCT = YES;
			};
			name = Release;
		};
		1B3D1F5F1E4D9AF200D8F9A7 /* Debug */ = {
			isa = XCBuildConfiguration;
			baseConfigurationReference = 0B6FDFF3FDDBCE0F3F7807DA /* Pods-MovieViewer3.debug.xcconfig */;
			buildSettings = {
				ASSETCATALOG_COMPILER_APPICON_NAME = AppIcon;
				INFOPLIST_FILE = MovieViewer3/Info.plist;
				LD_RUNPATH_SEARCH_PATHS = "$(inherited) @executable_path/Frameworks";
				PRODUCT_BUNDLE_IDENTIFIER = com.codepath.MovieViewer3;
				PRODUCT_NAME = "$(TARGET_NAME)";
				SWIFT_VERSION = 3.0;
			};
			name = Debug;
		};
		1B3D1F601E4D9AF200D8F9A7 /* Release */ = {
			isa = XCBuildConfiguration;
			baseConfigurationReference = 2F3FA0F78A007CC31BC32989 /* Pods-MovieViewer3.release.xcconfig */;
			buildSettings = {
				ASSETCATALOG_COMPILER_APPICON_NAME = AppIcon;
				INFOPLIST_FILE = MovieViewer3/Info.plist;
				LD_RUNPATH_SEARCH_PATHS = "$(inherited) @executable_path/Frameworks";
				PRODUCT_BUNDLE_IDENTIFIER = com.codepath.MovieViewer3;
				PRODUCT_NAME = "$(TARGET_NAME)";
				SWIFT_VERSION = 3.0;
			};
			name = Release;
		};
/* End XCBuildConfiguration section */

/* Begin XCConfigurationList section */
		1B3D1F471E4D9AF200D8F9A7 /* Build configuration list for PBXProject "MovieViewer3" */ = {
			isa = XCConfigurationList;
			buildConfigurations = (
				1B3D1F5C1E4D9AF200D8F9A7 /* Debug */,
				1B3D1F5D1E4D9AF200D8F9A7 /* Release */,
			);
			defaultConfigurationIsVisible = 0;
			defaultConfigurationName = Release;
		};
		1B3D1F5E1E4D9AF200D8F9A7 /* Build configuration list for PBXNativeTarget "MovieViewer3" */ = {
			isa = XCConfigurationList;
			buildConfigurations = (
				1B3D1F5F1E4D9AF200D8F9A7 /* Debug */,
				1B3D1F601E4D9AF200D8F9A7 /* Release */,
			);
			defaultConfigurationIsVisible = 0;
			defaultConfigurationName = Release;
		};
/* End XCConfigurationList section */
	};
	rootObject = 1B3D1F441E4D9AF200D8F9A7 /* Project object */;
}
